
Microsoft Visual Studio Solution File, Format Version 12.00
# Visual Studio Version 16
VisualStudioVersion = 16.0.31424.327
MinimumVisualStudioVersion = 10.0.40219.1
Project("{FAE04EC0-301F-11D3-BF4B-00C04F79EFBC}") = "WebFilm", "WebFilm\WebFilm.csproj", "{07F73CA4-FE2C-440E-AF15-033913CAF827}"
EndProject
Project("{FAE04EC0-301F-11D3-BF4B-00C04F79EFBC}") = "WebFilm_DAL", "WebFilm_DAL\WebFilm_DAL.csproj", "{F24BD302-B3A6-486A-BF87-844E9D26FB87}"
EndProject
Global
	GlobalSection(SolutionConfigurationPlatforms) = preSolution
		Debug|Any CPU = Debug|Any CPU
		Release|Any CPU = Release|Any CPU
	EndGlobalSection
	GlobalSection(ProjectConfigurationPlatforms) = postSolution
		{07F73CA4-FE2C-440E-AF15-033913CAF827}.Debug|Any CPU.ActiveCfg = Debug|Any CPU
		{07F73CA4-FE2C-440E-AF15-033913CAF827}.Debug|Any CPU.Build.0 = Debug|Any CPU
		{07F73CA4-FE2C-440E-AF15-033913CAF827}.Release|Any CPU.ActiveCfg = Release|Any CPU
		{07F73CA4-FE2C-440E-AF15-033913CAF827}.Release|Any CPU.Build.0 = Release|Any CPU
		{F24BD302-B3A6-486A-BF87-844E9D26FB87}.Debug|Any CPU.ActiveCfg = Debug|Any CPU
		{F24BD302-B3A6-486A-BF87-844E9D26FB87}.Debug|Any CPU.Build.0 = Debug|Any CPU
		{F24BD302-B3A6-486A-BF87-844E9D26FB87}.Release|Any CPU.ActiveCfg = Release|Any CPU
		{F24BD302-B3A6-486A-BF87-844E9D26FB87}.Release|Any CPU.Build.0 = Release|Any CPU
	EndGlobalSection
	GlobalSection(SolutionProperties) = preSolution
		HideSolutionNode = FALSE
	EndGlobalSection
	GlobalSection(ExtensibilityGlobals) = postSolution
		SolutionGuid = {B4373874-FD15-447D-8A60-009073A05413}
	EndGlobalSection
EndGlobal
